github.com/davecgh/go-spew v1.1.1 h1:vj9j/u1bqnvCEfJOwUhtlOARqs3+rkHYY13jYWTU97c=
github.com/davecgh/go-spew v1.1.1/go.mod h1:J7Y8YcW2NihsgmVo/mv3lAwl/skON4iLHjSsI+c5H38=
github.com/go-sql-driver/mysql v1.8.1 h1:LedoTUTmqeD8JJifHDQuqjm板sRYU3fhyXZk0Q0L30=
github.com/go-sql-driver/mysql v1.8.1/go.mod h1:w5RWDGtexZJpQ+j+xlGcxE2PFU5sKtkOH0vqnKeFvA=
github.com/golang-migrate/migrate/v4 v4.18.2 h1:nuCqjTJM/xwl0yqCXK2oTHqnTEx/lOLuP3UuPqFYHy8=
github.com/golang-migrate/migrate/v4 v4.18.2/go.mod h1:n/vaNF+ZuR5EpEk/Hb2wmA9pBLmKBPRmrQRZbkKBGMA=
github.com/lib/pq v1.10.9 h1:YXG7RB+JIjhP29X+OtkiDnYaXQwpS4JEWq7dtCCRUEw=
github.com/lib/pq v1.10.9/go.mod h1:AlVN5x4E4T544tWzH6hKfbfQvm3HdbOxrmggDNAPY9o=
github.com/mattn/go-sqlite3 v1.14.24 h1:tpp2jg4tCzJcQe7eTxn3PDJaPIARrnA2uQoYHNNxYU=
github.com/mattn/go-sqlite3 v1.14.24/go.mod h1:Uh1q+B4BYDTPdPTBqDvRZDzcKqQ3OUDXX30sYgqpXnE=
github.com/pmezard/go-difflib v1.0.0 h1:4DBwDE0NGyQoBHbLQYPwSUPoCMWR5BEzIk/f1lZbAQ=
github.com/pmezard/go-difflib v1.0.0/go.mod h1:iKH77koFhYxTK1pcRnkKkqfTogsbg7gZNVY4sRDYZ/4=
github.com/stretchr/testify v1.9.0 h1:MaCvjxFsYezhSv8+qHn2u9IF/uDWFF6iQK5WqGHZis=
github.com/stretchr/testify v1.9.0/go.mod h1:r2ic/lqez/lEtzL7wO6vaR2t+kSN12YjVHAqVKoE0=
filippo.io/edwards25519 v1.1.0 h1:FNf4cekRZv79gmjTbQK78ZxWiVSQT4uHElbMFK9V1jE=
filippo.io/edwards25519 v1.1.0/go.mod h1:BmbNwxaVVlpnhWW5UMk4QCcLizW33C+uUqppXjOPJM=
golang.org/x/crypto v0.27.0 h1:WiX8Kf9r9b17EuFBm78IJBFJWjtBRz8P6u0R+QpE=
golang.org/x/crypto v0.27.0/go.mod h1:ICI4IJ0pCN+YwCWlXhmTGgSfznoJJ0mQ9BfnORwS9M=
golang.org/x/text v0.18.0 h1:XvMDiNzD+fck50i4vT4K30+DqmKV5vhV3FCW/IXwV4=
golang.org/x/text v0.18.0/go.mod h1:BUvhU/bmrL23gqRljiL2cmlvC0+CvgF8+O1OHeT+E=
